{
  "version": 4,
  "terraform_version": "1.1.7",
  "serial": 68,
  "lineage": "6938d60f-a25b-cd27-ecd3-d415659b6ceb",
  "outputs": {},
  "resources": [
    {
      "mode": "managed",
      "type": "google_compute_instance",
      "name": "default",
      "provider": "provider[\"registry.terraform.io/hashicorp/google\"]",
      "instances": [
        {
          "schema_version": 6,
          "attributes": {
            "advanced_machine_features": [],
            "allow_stopping_for_update": null,
            "attached_disk": [],
            "boot_disk": [
              {
                "auto_delete": true,
                "device_name": "persistent-disk-0",
                "disk_encryption_key_raw": "",
                "disk_encryption_key_sha256": "",
                "initialize_params": [
                  {
                    "image": "https://www.googleapis.com/compute/v1/projects/ubuntu-os-cloud/global/images/ubuntu-1804-bionic-v20220131",
                    "labels": {},
                    "size": 10,
                    "type": "pd-standard"
                  }
                ],
                "kms_key_self_link": "",
                "mode": "READ_WRITE",
                "source": "https://www.googleapis.com/compute/v1/projects/future-union-346116/zones/us-west1-a/disks/instance-for-tests"
              }
            ],
            "can_ip_forward": true,
            "confidential_instance_config": [],
            "cpu_platform": "Intel Broadwell",
            "current_status": "RUNNING",
            "deletion_protection": false,
            "description": "",
            "desired_status": null,
            "enable_display": false,
            "guest_accelerator": [],
            "hostname": "",
            "id": "projects/future-union-346116/zones/us-west1-a/instances/instance-for-tests",
            "instance_id": "6841808010059157520",
            "label_fingerprint": "42WmSpB8rSM=",
            "labels": null,
            "machine_type": "n1-standard-1",
            "metadata": {
              "ssh-keys": "ubuntu:ssh-rsa AAAAB3NzaC1yc2EAAAADAQABAAABAQC57gmcRor+03FoIIHeMKPfMQ3Xob0MPqKWxifI7nssIJHRBYNwYhvtRm2lg+4MXv5+b30Urvi6avMbx8nl75s3eMOCAoX2xDc6ebXaBzXxjag+HVq+eCEu6ZDJ0YE7XMcEfddCFyGb5N78BYOE34uOR9W/a6FUZ8qVsbUYKh8cY5BCaKFQ0KtjNUU0M3wsYnNtUpXvy4TjdXolc/mjdoPlFzP/6Hf2i1GkF8W/VMVLtpPumApz88O1ix5fEU9wpMPGim/4RyO2SxMyK7hpt4HCIem7QoxL5ptjPES7t40kT4+jmw5CpQ0WSex/uv4W2sz8QGrJfGEET8MTqH00QyU3 john@johndoo\n",
              "startup-script": "#!/bin/bash -xe\n#exec \u003e \u003e(tee /var/log/user-data.log|logger -t user-data -s 2\u003e/dev/console) 2\u003e\u00261\n#cd /home/ubuntu/\n#sudo apt install git -y\n#sudo apt install nginx -y\n#git clone https://gitlab.com/entsupml/skillbox-deploy-blue-green\n#curl -sS https://dl.yarnpkg.com/debian/pubkey.gpg | sudo apt-key add -\n#echo \"deb https://dl.yarnpkg.com/debian/ stable main\" | sudo tee /etc/apt/sources.list.d/yarn.list\n#sudo apt update -y \u0026\u0026 sudo apt install yarn -y\n#cd /home/ubuntu/skillbox-deploy-blue-green/\n#curl -fsSL https://deb.nodesource.com/setup_16.x | sudo -E bash -\n#sudo apt-get install -y nodejs\n#yarn install --ignore-engines\n# We can get the IP address of instance\n#myip=`curl http://169.254.169.254/latest/meta-data/local-ipv4`\n#export PORT=80\n#sed -i 's|Test of revert|\"$myip\"|g' src/App.js\n#yarn start \u0026\n"
            },
            "metadata_fingerprint": "w53YJSU3bCM=",
            "metadata_startup_script": null,
            "min_cpu_platform": "",
            "name": "instance-for-tests",
            "network_interface": [
              {
                "access_config": [
                  {
                    "nat_ip": "34.105.115.90",
                    "network_tier": "PREMIUM",
                    "public_ptr_domain_name": ""
                  }
                ],
                "alias_ip_range": [],
                "ipv6_access_config": [],
                "ipv6_access_type": "",
                "name": "nic0",
                "network": "https://www.googleapis.com/compute/v1/projects/future-union-346116/global/networks/default",
                "network_ip": "10.138.0.18",
                "nic_type": "",
                "queue_count": 0,
                "stack_type": "IPV4_ONLY",
                "subnetwork": "https://www.googleapis.com/compute/v1/projects/future-union-346116/regions/us-west1/subnetworks/default",
                "subnetwork_project": "future-union-346116"
              }
            ],
            "project": "future-union-346116",
            "reservation_affinity": [],
            "resource_policies": null,
            "scheduling": [
              {
                "automatic_restart": true,
                "min_node_cpus": 0,
                "node_affinities": [],
                "on_host_maintenance": "MIGRATE",
                "preemptible": false
              }
            ],
            "scratch_disk": [],
            "self_link": "https://www.googleapis.com/compute/v1/projects/future-union-346116/zones/us-west1-a/instances/instance-for-tests",
            "service_account": [],
            "shielded_instance_config": [
              {
                "enable_integrity_monitoring": true,
                "enable_secure_boot": false,
                "enable_vtpm": true
              }
            ],
            "tags": null,
            "tags_fingerprint": "42WmSpB8rSM=",
            "timeouts": null,
            "zone": "us-west1-a"
          },
          "sensitive_attributes": [],
          "private": "eyJlMmJmYjczMC1lY2FhLTExZTYtOGY4OC0zNDM2M2JjN2M0YzAiOnsiY3JlYXRlIjoxMjAwMDAwMDAwMDAwLCJkZWxldGUiOjEyMDAwMDAwMDAwMDAsInVwZGF0ZSI6MTIwMDAwMDAwMDAwMH0sInNjaGVtYV92ZXJzaW9uIjoiNiJ9"
        }
      ]
    }
  ]
}
